// !$*UTF8*$!
{
	archiveVersion = 1;
	classes = {
	};
	objectVersion = 56;
	objects = {

/* Begin PBXBuildFile section */
		208DA3C52AF13BD40062CC88 /* SwiftUI_WeatherAppApp.swift in Sources */ = {isa = PBXBuildFile; fileRef = 208DA3C42AF13BD40062CC88 /* SwiftUI_WeatherAppApp.swift */; };
		208DA3C72AF13BD40062CC88 /* ContentView.swift in Sources */ = {isa = PBXBuildFile; fileRef = 208DA3C62AF13BD40062CC88 /* ContentView.swift */; };
		208DA3C92AF13BD50062CC88 /* Assets.xcassets in Resources */ = {isa = PBXBuildFile; fileRef = 208DA3C82AF13BD50062CC88 /* Assets.xcassets */; };
		208DA3CC2AF13BD50062CC88 /* Preview Assets.xcassets in Resources */ = {isa = PBXBuildFile; fileRef = 208DA3CB2AF13BD50062CC88 /* Preview Assets.xcassets */; };
		208DA3D62AF13BD60062CC88 /* SwiftUI_WeatherAppTests.swift in Sources */ = {isa = PBXBuildFile; fileRef = 208DA3D52AF13BD60062CC88 /* SwiftUI_WeatherAppTests.swift */; };
		208DA3E02AF13BD60062CC88 /* SwiftUI_WeatherAppUITests.swift in Sources */ = {isa = PBXBuildFile; fileRef = 208DA3DF2AF13BD60062CC88 /* SwiftUI_WeatherAppUITests.swift */; };
		208DA3E22AF13BD60062CC88 /* SwiftUI_WeatherAppUITestsLaunchTests.swift in Sources */ = {isa = PBXBuildFile; fileRef = 208DA3E12AF13BD60062CC88 /* SwiftUI_WeatherAppUITestsLaunchTests.swift */; };
/* End PBXBuildFile section */

/* Begin PBXContainerItemProxy section */
		208DA3D22AF13BD60062CC88 /* PBXContainerItemProxy */ = {
			isa = PBXContainerItemProxy;
			containerPortal = 208DA3B92AF13BD40062CC88 /* Project object */;
			proxyType = 1;
			remoteGlobalIDString = 208DA3C02AF13BD40062CC88;
			remoteInfo = "SwiftUI-WeatherApp";
		};
		208DA3DC2AF13BD60062CC88 /* PBXContainerItemProxy */ = {
			isa = PBXContainerItemProxy;
			containerPortal = 208DA3B92AF13BD40062CC88 /* Project object */;
			proxyType = 1;
			remoteGlobalIDString = 208DA3C02AF13BD40062CC88;
			remoteInfo = "SwiftUI-WeatherApp";
		};
/* End PBXContainerItemProxy section */

/* Begin PBXFileReference section */
		208DA3C12AF13BD40062CC88 /* SwiftUI-WeatherApp.app */ = {isa = PBXFileReference; explicitFileType = wrapper.application; includeInIndex = 0; path = "SwiftUI-WeatherApp.app"; sourceTree = BUILT_PRODUCTS_DIR; };
		208DA3C42AF13BD40062CC88 /* SwiftUI_WeatherAppApp.swift */ = {isa = PBXFileReference; lastKnownFileType = sourcecode.swift; path = SwiftUI_WeatherAppApp.swift; sourceTree = "<group>"; };
		208DA3C62AF13BD40062CC88 /* ContentView.swift */ = {isa = PBXFileReference; lastKnownFileType = sourcecode.swift; path = ContentView.swift; sourceTree = "<group>"; };
		208DA3C82AF13BD50062CC88 /* Assets.xcassets */ = {isa = PBXFileReference; lastKnownFileType = folder.assetcatalog; path = Assets.xcassets; sourceTree = "<group>"; };
		208DA3CB2AF13BD50062CC88 /* Preview Assets.xcassets */ = {isa = PBXFileReference; lastKnownFileType = folder.assetcatalog; path = "Preview Assets.xcassets"; sourceTree = "<group>"; };
		208DA3D12AF13BD60062CC88 /* SwiftUI-WeatherAppTests.xctest */ = {isa = PBXFileReference; explicitFileType = wrapper.cfbundle; includeInIndex = 0; path = "SwiftUI-WeatherAppTests.xctest"; sourceTree = BUILT_PRODUCTS_DIR; };
		208DA3D52AF13BD60062CC88 /* SwiftUI_WeatherAppTests.swift */ = {isa = PBXFileReference; lastKnownFileType = sourcecode.swift; path = SwiftUI_WeatherAppTests.swift; sourceTree = "<group>"; };
		208DA3DB2AF13BD60062CC88 /* SwiftUI-WeatherAppUITests.xctest */ = {isa = PBXFileReference; explicitFileType = wrapper.cfbundle; includeInIndex = 0; path = "SwiftUI-WeatherAppUITests.xctest"; sourceTree = BUILT_PRODUCTS_DIR; };
		208DA3DF2AF13BD60062CC88 /* SwiftUI_WeatherAppUITests.swift */ = {isa = PBXFileReference; lastKnownFileType = sourcecode.swift; path = SwiftUI_WeatherAppUITests.swift; sourceTree = "<group>"; };
		208DA3E12AF13BD60062CC88 /* SwiftUI_WeatherAppUITestsLaunchTests.swift */ = {isa = PBXFileReference; lastKnownFileType = sourcecode.swift; path = SwiftUI_WeatherAppUITestsLaunchTests.swift; sourceTree = "<group>"; };
/* End PBXFileReference section */

/* Begin PBXFrameworksBuildPhase section */
		208DA3BE2AF13BD40062CC88 /* Frameworks */ = {
			isa = PBXFrameworksBuildPhase;
			buildActionMask = 2147483647;
			files = (
			);
			runOnlyForDeploymentPostprocessing = 0;
		};
		208DA3CE2AF13BD60062CC88 /* Frameworks */ = {
			isa = PBXFrameworksBuildPhase;
			buildActionMask = 2147483647;
			files = (
			);
			runOnlyForDeploymentPostprocessing = 0;
		};
		208DA3D82AF13BD60062CC88 /* Frameworks */ = {
			isa = PBXFrameworksBuildPhase;
			buildActionMask = 2147483647;
			files = (
			);
			runOnlyForDeploymentPostprocessing = 0;
		};
/* End PBXFrameworksBuildPhase section */

/* Begin PBXGroup section */
		208DA3B82AF13BD40062CC88 = {
			isa = PBXGroup;
			children = (
				208DA3C32AF13BD40062CC88 /* SwiftUI-WeatherApp */,
				208DA3D42AF13BD60062CC88 /* SwiftUI-WeatherAppTests */,
				208DA3DE2AF13BD60062CC88 /* SwiftUI-WeatherAppUITests */,
				208DA3C22AF13BD40062CC88 /* Products */,
			);
			sourceTree = "<group>";
		};
		208DA3C22AF13BD40062CC88 /* Products */ = {
			isa = PBXGroup;
			children = (
				208DA3C12AF13BD40062CC88 /* SwiftUI-WeatherApp.app */,
				208DA3D12AF13BD60062CC88 /* SwiftUI-WeatherAppTests.xctest */,
				208DA3DB2AF13BD60062CC88 /* SwiftUI-WeatherAppUITests.xctest */,
			);
			name = Products;
			sourceTree = "<group>";
		};
		208DA3C32AF13BD40062CC88 /* SwiftUI-WeatherApp */ = {
			isa = PBXGroup;
			children = (
				208DA3C42AF13BD40062CC88 /* SwiftUI_WeatherAppApp.swift */,
				208DA3C62AF13BD40062CC88 /* ContentView.swift */,
				208DA3C82AF13BD50062CC88 /* Assets.xcassets */,
				208DA3CA2AF13BD50062CC88 /* Preview Content */,
			);
			path = "SwiftUI-WeatherApp";
			sourceTree = "<group>";
		};
		208DA3CA2AF13BD50062CC88 /* Preview Content */ = {
			isa = PBXGroup;
			children = (
				208DA3CB2AF13BD50062CC88 /* Preview Assets.xcassets */,
			);
			path = "Preview Content";
			sourceTree = "<group>";
		};
		208DA3D42AF13BD60062CC88 /* SwiftUI-WeatherAppTests */ = {
			isa = PBXGroup;
			children = (
				208DA3D52AF13BD60062CC88 /* SwiftUI_WeatherAppTests.swift */,
			);
			path = "SwiftUI-WeatherAppTests";
			sourceTree = "<group>";
		};
		208DA3DE2AF13BD60062CC88 /* SwiftUI-WeatherAppUITests */ = {
			isa = PBXGroup;
			children = (
				208DA3DF2AF13BD60062CC88 /* SwiftUI_WeatherAppUITests.swift */,
				208DA3E12AF13BD60062CC88 /* SwiftUI_WeatherAppUITestsLaunchTests.swift */,
			);
			path = "SwiftUI-WeatherAppUITests";
			sourceTree = "<group>";
		};
/* End PBXGroup section */

/* Begin PBXNativeTarget section */
		208DA3C02AF13BD40062CC88 /* SwiftUI-WeatherApp */ = {
			isa = PBXNativeTarget;
			buildConfigurationList = 208DA3E52AF13BD60062CC88 /* Build configuration list for PBXNativeTarget "SwiftUI-WeatherApp" */;
			buildPhases = (
				208DA3BD2AF13BD40062CC88 /* Sources */,
				208DA3BE2AF13BD40062CC88 /* Frameworks */,
				208DA3BF2AF13BD40062CC88 /* Resources */,
			);
			buildRules = (
			);
			dependencies = (
			);
			name = "SwiftUI-WeatherApp";
			productName = "SwiftUI-WeatherApp";
			productReference = 208DA3C12AF13BD40062CC88 /* SwiftUI-WeatherApp.app */;
			productType = "com.apple.product-type.application";
		};
		208DA3D02AF13BD60062CC88 /* SwiftUI-WeatherAppTests */ = {
			isa = PBXNativeTarget;
			buildConfigurationList = 208DA3E82AF13BD60062CC88 /* Build configuration list for PBXNativeTarget "SwiftUI-WeatherAppTests" */;
			buildPhases = (
				208DA3CD2AF13BD60062CC88 /* Sources */,
				208DA3CE2AF13BD60062CC88 /* Frameworks */,
				208DA3CF2AF13BD60062CC88 /* Resources */,
			);
			buildRules = (
			);
			dependencies = (
				208DA3D32AF13BD60062CC88 /* PBXTargetDependency */,
			);
			name = "SwiftUI-WeatherAppTests";
			productName = "SwiftUI-WeatherAppTests";
			productReference = 208DA3D12AF13BD60062CC88 /* SwiftUI-WeatherAppTests.xctest */;
			productType = "com.apple.product-type.bundle.unit-test";
		};
		208DA3DA2AF13BD60062CC88 /* SwiftUI-WeatherAppUITests */ = {
			isa = PBXNativeTarget;
			buildConfigurationList = 208DA3EB2AF13BD60062CC88 /* Build configuration list for PBXNativeTarget "SwiftUI-WeatherAppUITests" */;
			buildPhases = (
				208DA3D72AF13BD60062CC88 /* Sources */,
				208DA3D82AF13BD60062CC88 /* Frameworks */,
				208DA3D92AF13BD60062CC88 /* Resources */,
			);
			buildRules = (
			);
			dependencies = (
				208DA3DD2AF13BD60062CC88 /* PBXTargetDependency */,
			);
			name = "SwiftUI-WeatherAppUITests";
			productName = "SwiftUI-WeatherAppUITests";
			productReference = 208DA3DB2AF13BD60062CC88 /* SwiftUI-WeatherAppUITests.xctest */;
			productType = "com.apple.product-type.bundle.ui-testing";
		};
/* End PBXNativeTarget section */

/* Begin PBXProject section */
		208DA3B92AF13BD40062CC88 /* Project object */ = {
			isa = PBXProject;
			attributes = {
				BuildIndependentTargetsInParallel = 1;
				LastSwiftUpdateCheck = 1500;
				LastUpgradeCheck = 1500;
				TargetAttributes = {
					208DA3C02AF13BD40062CC88 = {
						CreatedOnToolsVersion = 15.0.1;
					};
					208DA3D02AF13BD60062CC88 = {
						CreatedOnToolsVersion = 15.0.1;
						TestTargetID = 208DA3C02AF13BD40062CC88;
					};
					208DA3DA2AF13BD60062CC88 = {
						CreatedOnToolsVersion = 15.0.1;
						TestTargetID = 208DA3C02AF13BD40062CC88;
					};
				};
			};
			buildConfigurationList = 208DA3BC2AF13BD40062CC88 /* Build configuration list for PBXProject "SwiftUI-WeatherApp" */;
			compatibilityVersion = "Xcode 14.0";
			developmentRegion = en;
			hasScannedForEncodings = 0;
			knownRegions = (
				en,
				Base,
			);
			mainGroup = 208DA3B82AF13BD40062CC88;
			productRefGroup = 208DA3C22AF13BD40062CC88 /* Products */;
			projectDirPath = "";
			projectRoot = "";
			targets = (
				208DA3C02AF13BD40062CC88 /* SwiftUI-WeatherApp */,
				208DA3D02AF13BD60062CC88 /* SwiftUI-WeatherAppTests */,
				208DA3DA2AF13BD60062CC88 /* SwiftUI-WeatherAppUITests */,
			);
		};
/* End PBXProject section */

/* Begin PBXResourcesBuildPhase section */
		208DA3BF2AF13BD40062CC88 /* Resources */ = {
			isa = PBXResourcesBuildPhase;
			buildActionMask = 2147483647;
			files = (
				208DA3CC2AF13BD50062CC88 /* Preview Assets.xcassets in Resources */,
				208DA3C92AF13BD50062CC88 /* Assets.xcassets in Resources */,
			);
			runOnlyForDeploymentPostprocessing = 0;
		};
		208DA3CF2AF13BD60062CC88 /* Resources */ = {
			isa = PBXResourcesBuildPhase;
			buildActionMask = 2147483647;
			files = (
			);
			runOnlyForDeploymentPostprocessing = 0;
		};
		208DA3D92AF13BD60062CC88 /* Resources */ = {
			isa = PBXResourcesBuildPhase;
			buildActionMask = 2147483647;
			files = (
			);
			runOnlyForDeploymentPostprocessing = 0;
		};
/* End PBXResourcesBuildPhase section */

/* Begin PBXSourcesBuildPhase section */
		208DA3BD2AF13BD40062CC88 /* Sources */ = {
			isa = PBXSourcesBuildPhase;
			buildActionMask = 2147483647;
			files = (
				208DA3C72AF13BD40062CC88 /* ContentView.swift in Sources */,
				208DA3C52AF13BD40062CC88 /* SwiftUI_WeatherAppApp.swift in Sources */,
			);
			runOnlyForDeploymentPostprocessing = 0;
		};
		208DA3CD2AF13BD60062CC88 /* Sources */ = {
			isa = PBXSourcesBuildPhase;
			buildActionMask = 2147483647;
			files = (
				208DA3D62AF13BD60062CC88 /* SwiftUI_WeatherAppTests.swift in Sources */,
			);
			runOnlyForDeploymentPostprocessing = 0;
		};
		208DA3D72AF13BD60062CC88 /* Sources */ = {
			isa = PBXSourcesBuildPhase;
			buildActionMask = 2147483647;
			files = (
				208DA3E02AF13BD60062CC88 /* SwiftUI_WeatherAppUITests.swift in Sources */,
				208DA3E22AF13BD60062CC88 /* SwiftUI_WeatherAppUITestsLaunchTests.swift in Sources */,
			);
			runOnlyForDeploymentPostprocessing = 0;
		};
/* End PBXSourcesBuildPhase section */

/* Begin PBXTargetDependency section */
		208DA3D32AF13BD60062CC88 /* PBXTargetDependency */ = {
			isa = PBXTargetDependency;
			target = 208DA3C02AF13BD40062CC88 /* SwiftUI-WeatherApp */;
			targetProxy = 208DA3D22AF13BD60062CC88 /* PBXContainerItemProxy */;
		};
		208DA3DD2AF13BD60062CC88 /* PBXTargetDependency */ = {
			isa = PBXTargetDependency;
			target = 208DA3C02AF13BD40062CC88 /* SwiftUI-WeatherApp */;
			targetProxy = 208DA3DC2AF13BD60062CC88 /* PBXContainerItemProxy */;
		};
/* End PBXTargetDependency section */

/* Begin XCBuildConfiguration section */
		208DA3E32AF13BD60062CC88 /* Debug */ = {
			isa = XCBuildConfiguration;
			buildSettings = {
				ALWAYS_SEARCH_USER_PATHS = NO;
				ASSETCATALOG_COMPILER_GENERATE_SWIFT_ASSET_SYMBOL_EXTENSIONS = YES;
				CLANG_ANALYZER_NONNULL = YES;
				CLANG_ANALYZER_NUMBER_OBJECT_CONVERSION = YES_AGGRESSIVE;
				CLANG_CXX_LANGUAGE_STANDARD = "gnu++20";
				CLANG_ENABLE_MODULES = YES;
				CLANG_ENABLE_OBJC_ARC = YES;
				CLANG_ENABLE_OBJC_WEAK = YES;
				CLANG_WARN_BLOCK_CAPTURE_AUTORELEASING = YES;
				CLANG_WARN_BOOL_CONVERSION = YES;
				CLANG_WARN_COMMA = YES;
				CLANG_WARN_CONSTANT_CONVERSION = YES;
				CLANG_WARN_DEPRECATED_OBJC_IMPLEMENTATIONS = YES;
				CLANG_WARN_DIRECT_OBJC_ISA_USAGE = YES_ERROR;
				CLANG_WARN_DOCUMENTATION_COMMENTS = YES;
				CLANG_WARN_EMPTY_BODY = YES;
				CLANG_WARN_ENUM_CONVERSION = YES;
				CLANG_WARN_INFINITE_RECURSION = YES;
				CLANG_WARN_INT_CONVERSION = YES;
				CLANG_WARN_NON_LITERAL_NULL_CONVERSION = YES;
				CLANG_WARN_OBJC_IMPLICIT_RETAIN_SELF = YES;
				CLANG_WARN_OBJC_LITERAL_CONVERSION = YES;
				CLANG_WARN_OBJC_ROOT_CLASS = YES_ERROR;
				CLANG_WARN_QUOTED_INCLUDE_IN_FRAMEWORK_HEADER = YES;
				CLANG_WARN_RANGE_LOOP_ANALYSIS = YES;
				CLANG_WARN_STRICT_PROTOTYPES = YES;
				CLANG_WARN_SUSPICIOUS_MOVE = YES;
				CLANG_WARN_UNGUARDED_AVAILABILITY = YES_AGGRESSIVE;
				CLANG_WARN_UNREACHABLE_CODE = YES;
				CLANG_WARN__DUPLICATE_METHOD_MATCH = YES;
				COPY_PHASE_STRIP = NO;
				DEBUG_INFORMATION_FORMAT = dwarf;
				ENABLE_STRICT_OBJC_MSGSEND = YES;
				ENABLE_TESTABILITY = YES;
				ENABLE_USER_SCRIPT_SANDBOXING = YES;
				GCC_C_LANGUAGE_STANDARD = gnu17;
				GCC_DYNAMIC_NO_PIC = NO;
				GCC_NO_COMMON_BLOCKS = YES;
				GCC_OPTIMIZATION_LEVEL = 0;
				GCC_PREPROCESSOR_DEFINITIONS = (
					"DEBUG=1",
					"$(inherited)",
				);
				GCC_WARN_64_TO_32_BIT_CONVERSION = YES;
				GCC_WARN_ABOUT_RETURN_TYPE = YES_ERROR;
				GCC_WARN_UNDECLARED_SELECTOR = YES;
				GCC_WARN_UNINITIALIZED_AUTOS = YES_AGGRESSIVE;
				GCC_WARN_UNUSED_FUNCTION = YES;
				GCC_WARN_UNUSED_VARIABLE = YES;
				IPHONEOS_DEPLOYMENT_TARGET = 17.0;
				LOCALIZATION_PREFERS_STRING_CATALOGS = YES;
				MTL_ENABLE_DEBUG_INFO = INCLUDE_SOURCE;
				MTL_FAST_MATH = YES;
				ONLY_ACTIVE_ARCH = YES;
				SDKROOT = iphoneos;
				SWIFT_ACTIVE_COMPILATION_CONDITIONS = "DEBUG $(inherited)";
				SWIFT_OPTIMIZATION_LEVEL = "-Onone";
			};
			name = Debug;
		};
		208DA3E42AF13BD60062CC88 /* Release */ = {
			isa = XCBuildConfiguration;
			buildSettings = {
				ALWAYS_SEARCH_USER_PATHS = NO;
				ASSETCATALOG_COMPILER_GENERATE_SWIFT_ASSET_SYMBOL_EXTENSIONS = YES;
				CLANG_ANALYZER_NONNULL = YES;
				CLANG_ANALYZER_NUMBER_OBJECT_CONVERSION = YES_AGGRESSIVE;
				CLANG_CXX_LANGUAGE_STANDARD = "gnu++20";
				CLANG_ENABLE_MODULES = YES;
				CLANG_ENABLE_OBJC_ARC = YES;
				CLANG_ENABLE_OBJC_WEAK = YES;
				CLANG_WARN_BLOCK_CAPTURE_AUTORELEASING = YES;
				CLANG_WARN_BOOL_CONVERSION = YES;
				CLANG_WARN_COMMA = YES;
				CLANG_WARN_CONSTANT_CONVERSION = YES;
				CLANG_WARN_DEPRECATED_OBJC_IMPLEMENTATIONS = YES;
				CLANG_WARN_DIRECT_OBJC_ISA_USAGE = YES_ERROR;
				CLANG_WARN_DOCUMENTATION_COMMENTS = YES;
				CLANG_WARN_EMPTY_BODY = YES;
				CLANG_WARN_ENUM_CONVERSION = YES;
				CLANG_WARN_INFINITE_RECURSION = YES;
				CLANG_WARN_INT_CONVERSION = YES;
				CLANG_WARN_NON_LITERAL_NULL_CONVERSION = YES;
				CLANG_WARN_OBJC_IMPLICIT_RETAIN_SELF = YES;
				CLANG_WARN_OBJC_LITERAL_CONVERSION = YES;
				CLANG_WARN_OBJC_ROOT_CLASS = YES_ERROR;
				CLANG_WARN_QUOTED_INCLUDE_IN_FRAMEWORK_HEADER = YES;
				CLANG_WARN_RANGE_LOOP_ANALYSIS = YES;
				CLANG_WARN_STRICT_PROTOTYPES = YES;
				CLANG_WARN_SUSPICIOUS_MOVE = YES;
				CLANG_WARN_UNGUARDED_AVAILABILITY = YES_AGGRESSIVE;
				CLANG_WARN_UNREACHABLE_CODE = YES;
				CLANG_WARN__DUPLICATE_METHOD_MATCH = YES;
				COPY_PHASE_STRIP = NO;
				DEBUG_INFORMATION_FORMAT = "dwarf-with-dsym";
				ENABLE_NS_ASSERTIONS = NO;
				ENABLE_STRICT_OBJC_MSGSEND = YES;
				ENABLE_USER_SCRIPT_SANDBOXING = YES;
				GCC_C_LANGUAGE_STANDARD = gnu17;
				GCC_NO_COMMON_BLOCKS = YES;
				GCC_WARN_64_TO_32_BIT_CONVERSION = YES;
				GCC_WARN_ABOUT_RETURN_TYPE = YES_ERROR;
				GCC_WARN_UNDECLARED_SELECTOR = YES;
				GCC_WARN_UNINITIALIZED_AUTOS = YES_AGGRESSIVE;
				GCC_WARN_UNUSED_FUNCTION = YES;
				GCC_WARN_UNUSED_VARIABLE = YES;
				IPHONEOS_DEPLOYMENT_TARGET = 17.0;
				LOCALIZATION_PREFERS_STRING_CATALOGS = YES;
				MTL_ENABLE_DEBUG_INFO = NO;
				MTL_FAST_MATH = YES;
				SDKROOT = iphoneos;
				SWIFT_COMPILATION_MODE = wholemodule;
				VALIDATE_PRODUCT = YES;
			};
			name = Release;
		};
		208DA3E62AF13BD60062CC88 /* Debug */ = {
			isa = XCBuildConfiguration;
			buildSettings = {
				ASSETCATALOG_COMPILER_APPICON_NAME = AppIcon;
				ASSETCATALOG_COMPILER_GLOBAL_ACCENT_COLOR_NAME = AccentColor;
				CODE_SIGN_STYLE = Automatic;
				CURRENT_PROJECT_VERSION = 1;
				DEVELOPMENT_ASSET_PATHS = "\"SwiftUI-WeatherApp/Preview Content\"";
				DEVELOPMENT_TEAM = 2RMUH6FFAR;
				ENABLE_PREVIEWS = YES;
				GENERATE_INFOPLIST_FILE = YES;
				INFOPLIST_KEY_UIApplicationSceneManifest_Generation = YES;
				INFOPLIST_KEY_UIApplicationSupportsIndirectInputEvents = YES;
				INFOPLIST_KEY_UILaunchScreen_Generation = YES;
				INFOPLIST_KEY_UISupportedInterfaceOrientations_iPad = "UIInterfaceOrientationPortrait UIInterfaceOrientationPortraitUpsideDown UIInterfaceOrientationLandscapeLeft UIInterfaceOrientationLandscapeRight";
				INFOPLIST_KEY_UISupportedInterfaceOrientations_iPhone = "UIInterfaceOrientationPortrait UIInterfaceOrientationLandscapeLeft UIInterfaceOrientationLandscapeRight";
				LD_RUNPATH_SEARCH_PATHS = (
					"$(inherited)",
					"@executable_path/Frameworks",
				);
				MARKETING_VERSION = 1.0;
				PRODUCT_BUNDLE_IDENTIFIER = "com.itsmeramc.SwiftUI-WeatherApp";
				PRODUCT_NAME = "$(TARGET_NAME)";
				SWIFT_EMIT_LOC_STRINGS = YES;
				SWIFT_VERSION = 5.0;
				TARGETED_DEVICE_FAMILY = "1,2";
			};
			name = Debug;
		};
		208DA3E72AF13BD60062CC88 /* Release */ = {
			isa = XCBuildConfiguration;
			buildSettings = {
				ASSETCATALOG_COMPILER_APPICON_NAME = AppIcon;
				ASSETCATALOG_COMPILER_GLOBAL_ACCENT_COLOR_NAME = AccentColor;
				CODE_SIGN_STYLE = Automatic;
				CURRENT_PROJECT_VERSION = 1;
				DEVELOPMENT_ASSET_PATHS = "\"SwiftUI-WeatherApp/Preview Content\"";
				DEVELOPMENT_TEAM = 2RMUH6FFAR;
				ENABLE_PREVIEWS = YES;
				GENERATE_INFOPLIST_FILE = YES;
				INFOPLIST_KEY_UIApplicationSceneManifest_Generation = YES;
				INFOPLIST_KEY_UIApplicationSupportsIndirectInputEvents = YES;
				INFOPLIST_KEY_UILaunchScreen_Generation = YES;
				INFOPLIST_KEY_UISupportedInterfaceOrientations_iPad = "UIInterfaceOrientationPortrait UIInterfaceOrientationPortraitUpsideDown UIInterfaceOrientationLandscapeLeft UIInterfaceOrientationLandscapeRight";
				INFOPLIST_KEY_UISupportedInterfaceOrientations_iPhone = "UIInterfaceOrientationPortrait UIInterfaceOrientationLandscapeLeft UIInterfaceOrientationLandscapeRight";
				LD_RUNPATH_SEARCH_PATHS = (
					"$(inherited)",
					"@executable_path/Frameworks",
				);
				MARKETING_VERSION = 1.0;
				PRODUCT_BUNDLE_IDENTIFIER = "com.itsmeramc.SwiftUI-WeatherApp";
				PRODUCT_NAME = "$(TARGET_NAME)";
				SWIFT_EMIT_LOC_STRINGS = YES;
				SWIFT_VERSION = 5.0;
				TARGETED_DEVICE_FAMILY = "1,2";
			};
			name = Release;
		};
		208DA3E92AF13BD60062CC88 /* Debug */ = {
			isa = XCBuildConfiguration;
			buildSettings = {
				ALWAYS_EMBED_SWIFT_STANDARD_LIBRARIES = YES;
				BUNDLE_LOADER = "$(TEST_HOST)";
				CODE_SIGN_STYLE = Automatic;
				CURRENT_PROJECT_VERSION = 1;
				DEVELOPMENT_TEAM = 2RMUH6FFAR;
				GENERATE_INFOPLIST_FILE = YES;
				IPHONEOS_DEPLOYMENT_TARGET = 17.0;
				MARKETING_VERSION = 1.0;
				PRODUCT_BUNDLE_IDENTIFIER = "com.itsmeramc.SwiftUI-WeatherAppTests";
				PRODUCT_NAME = "$(TARGET_NAME)";
				SWIFT_EMIT_LOC_STRINGS = NO;
				SWIFT_VERSION = 5.0;
				TARGETED_DEVICE_FAMILY = "1,2";
				TEST_HOST = "$(BUILT_PRODUCTS_DIR)/SwiftUI-WeatherApp.app/$(BUNDLE_EXECUTABLE_FOLDER_PATH)/SwiftUI-WeatherApp";
			};
			name = Debug;
		};
		208DA3EA2AF13BD60062CC88 /* Release */ = {
			isa = XCBuildConfiguration;
			buildSettings = {
				ALWAYS_EMBED_SWIFT_STANDARD_LIBRARIES = YES;
				BUNDLE_LOADER = "$(TEST_HOST)";
				CODE_SIGN_STYLE = Automatic;
				CURRENT_PROJECT_VERSION = 1;
				DEVELOPMENT_TEAM = 2RMUH6FFAR;
				GENERATE_INFOPLIST_FILE = YES;
				IPHONEOS_DEPLOYMENT_TARGET = 17.0;
				MARKETING_VERSION = 1.0;
				PRODUCT_BUNDLE_IDENTIFIER = "com.itsmeramc.SwiftUI-WeatherAppTests";
				PRODUCT_NAME = "$(TARGET_NAME)";
				SWIFT_EMIT_LOC_STRINGS = NO;
				SWIFT_VERSION = 5.0;
				TARGETED_DEVICE_FAMILY = "1,2";
				TEST_HOST = "$(BUILT_PRODUCTS_DIR)/SwiftUI-WeatherApp.app/$(BUNDLE_EXECUTABLE_FOLDER_PATH)/SwiftUI-WeatherApp";
			};
			name = Release;
		};
		208DA3EC2AF13BD60062CC88 /* Debug */ = {
			isa = XCBuildConfiguration;
			buildSettings = {
				ALWAYS_EMBED_SWIFT_STANDARD_LIBRARIES = YES;
				CODE_SIGN_STYLE = Automatic;
				CURRENT_PROJECT_VERSION = 1;
				DEVELOPMENT_TEAM = 2RMUH6FFAR;
				GENERATE_INFOPLIST_FILE = YES;
				MARKETING_VERSION = 1.0;
				PRODUCT_BUNDLE_IDENTIFIER = "com.itsmeramc.SwiftUI-WeatherAppUITests";
				PRODUCT_NAME = "$(TARGET_NAME)";
				SWIFT_EMIT_LOC_STRINGS = NO;
				SWIFT_VERSION = 5.0;
				TARGETED_DEVICE_FAMILY = "1,2";
				TEST_TARGET_NAME = "SwiftUI-WeatherApp";
			};
			name = Debug;
		};
		208DA3ED2AF13BD60062CC88 /* Release */ = {
			isa = XCBuildConfiguration;
			buildSettings = {
				ALWAYS_EMBED_SWIFT_STANDARD_LIBRARIES = YES;
				CODE_SIGN_STYLE = Automatic;
				CURRENT_PROJECT_VERSION = 1;
				DEVELOPMENT_TEAM = 2RMUH6FFAR;
				GENERATE_INFOPLIST_FILE = YES;
				MARKETING_VERSION = 1.0;
				PRODUCT_BUNDLE_IDENTIFIER = "com.itsmeramc.SwiftUI-WeatherAppUITests";
				PRODUCT_NAME = "$(TARGET_NAME)";
				SWIFT_EMIT_LOC_STRINGS = NO;
				SWIFT_VERSION = 5.0;
				TARGETED_DEVICE_FAMILY = "1,2";
				TEST_TARGET_NAME = "SwiftUI-WeatherApp";
			};
			name = Release;
		};
/* End XCBuildConfiguration section */

/* Begin XCConfigurationList section */
		208DA3BC2AF13BD40062CC88 /* Build configuration list for PBXProject "SwiftUI-WeatherApp" */ = {
			isa = XCConfigurationList;
			buildConfigurations = (
				208DA3E32AF13BD60062CC88 /* Debug */,
				208DA3E42AF13BD60062CC88 /* Release */,
			);
			defaultConfigurationIsVisible = 0;
			defaultConfigurationName = Release;
		};
		208DA3E52AF13BD60062CC88 /* Build configuration list for PBXNativeTarget "SwiftUI-WeatherApp" */ = {
			isa = XCConfigurationList;
			buildConfigurations = (
				208DA3E62AF13BD60062CC88 /* Debug */,
				208DA3E72AF13BD60062CC88 /* Release */,
			);
			defaultConfigurationIsVisible = 0;
			defaultConfigurationName = Release;
		};
		208DA3E82AF13BD60062CC88 /* Build configuration list for PBXNativeTarget "SwiftUI-WeatherAppTests" */ = {
			isa = XCConfigurationList;
			buildConfigurations = (
				208DA3E92AF13BD60062CC88 /* Debug */,
				208DA3EA2AF13BD60062CC88 /* Release */,
			);
			defaultConfigurationIsVisible = 0;
			defaultConfigurationName = Release;
		};
		208DA3EB2AF13BD60062CC88 /* Build configuration list for PBXNativeTarget "SwiftUI-WeatherAppUITests" */ = {
			isa = XCConfigurationList;
			buildConfigurations = (
				208DA3EC2AF13BD60062CC88 /* Debug */,
				208DA3ED2AF13BD60062CC88 /* Release */,
			);
			defaultConfigurationIsVisible = 0;
			defaultConfigurationName = Release;
		};
/* End XCConfigurationList section */
	};
	rootObject = 208DA3B92AF13BD40062CC88 /* Project object */;
}
